
Microsoft Visual Studio Solution File, Format Version 12.00
# Visual Studio 15
Project("{FAE04EC0-301F-11D3-BF4B-00C04F79EFBC}") = "UnityEngine.TestRunner", "UnityEngine.TestRunner.csproj", "{0FCDE996-C760-1674-7978-88D94C73B13C}"
EndProject
Project("{FAE04EC0-301F-11D3-BF4B-00C04F79EFBC}") = "com.unity.multiplayer-hlapi.Runtime", "com.unity.multiplayer-hlapi.Runtime.csproj", "{ADB2D4DE-D867-1975-40F2-AD7D7A14C690}"
EndProject
Project("{FAE04EC0-301F-11D3-BF4B-00C04F79EFBC}") = "Unity.TextMeshPro", "Unity.TextMeshPro.csproj", "{49AC4E2E-410B-4A18-DC5F-63A89E9A321B}"
EndProject
Project("{FAE04EC0-301F-11D3-BF4B-00C04F79EFBC}") = "Unity.Timeline", "Unity.Timeline.csproj", "{3347E768-B5AC-3649-A4F0-052EF469FF75}"
EndProject
Project("{FAE04EC0-301F-11D3-BF4B-00C04F79EFBC}") = "Assembly-CSharp", "Assembly-CSharp.csproj", "{49FF7CCB-6A00-77FC-BF1A-C960B2A28B9C}"
EndProject
Project("{FAE04EC0-301F-11D3-BF4B-00C04F79EFBC}") = "UnityEngine.Advertisements", "UnityEngine.Advertisements.csproj", "{74EBF682-A611-3A49-5E57-F035D4797377}"
EndProject
Project("{FAE04EC0-301F-11D3-BF4B-00C04F79EFBC}") = "Unity.Analytics.DataPrivacy", "Unity.Analytics.DataPrivacy.csproj", "{08C0B714-A4B9-2C0F-95F7-AA9D1B88CA7D}"
EndProject
Project("{FAE04EC0-301F-11D3-BF4B-00C04F79EFBC}") = "UnityEngine.Monetization", "UnityEngine.Monetization.csproj", "{3959E433-7077-9E55-A328-098118434DAC}"
EndProject
Project("{FAE04EC0-301F-11D3-BF4B-00C04F79EFBC}") = "UnityEngine.XR.LegacyInputHelpers", "UnityEngine.XR.LegacyInputHelpers.csproj", "{694D5E70-3A49-4651-D043-6D47B7637048}"
EndProject
Project("{FAE04EC0-301F-11D3-BF4B-00C04F79EFBC}") = "UnityEngine.SpatialTracking", "UnityEngine.SpatialTracking.csproj", "{CF734F41-0A4B-98AA-6816-7731EC8DACDB}"
EndProject
Project("{FAE04EC0-301F-11D3-BF4B-00C04F79EFBC}") = "Unity.TextMeshPro.Editor", "Unity.TextMeshPro.Editor.csproj", "{A438DE7D-78AB-7CE6-289E-5425D8788841}"
EndProject
Project("{FAE04EC0-301F-11D3-BF4B-00C04F79EFBC}") = "Unity.Timeline.Editor", "Unity.Timeline.Editor.csproj", "{BC48D30D-FD49-6AA4-17E8-0510EC7109D0}"
EndProject
Project("{FAE04EC0-301F-11D3-BF4B-00C04F79EFBC}") = "UnityEditor.TestRunner", "UnityEditor.TestRunner.csproj", "{7CEE68FF-D44B-A48F-FFFC-3766DE5FFFBA}"
EndProject
Project("{FAE04EC0-301F-11D3-BF4B-00C04F79EFBC}") = "com.unity.multiplayer-hlapi.Editor", "com.unity.multiplayer-hlapi.Editor.csproj", "{E558832F-A767-4525-05C0-F4038414F8ED}"
EndProject
Project("{FAE04EC0-301F-11D3-BF4B-00C04F79EFBC}") = "Unity.Rider.Editor", "Unity.Rider.Editor.csproj", "{B65FA8C4-D51E-8832-8C39-C5A09BB58162}"
EndProject
Project("{FAE04EC0-301F-11D3-BF4B-00C04F79EFBC}") = "UnityEditor.XR.LegacyInputHelpers", "UnityEditor.XR.LegacyInputHelpers.csproj", "{104F5F85-AF7D-F727-78D8-030C8425E4CA}"
EndProject
Project("{FAE04EC0-301F-11D3-BF4B-00C04F79EFBC}") = "Unity.CollabProxy.Editor", "Unity.CollabProxy.Editor.csproj", "{B0EF24FA-587B-9FC5-D0B9-9FD1DDC426AC}"
EndProject
Project("{FAE04EC0-301F-11D3-BF4B-00C04F79EFBC}") = "com.unity.multiplayer-weaver.Editor", "com.unity.multiplayer-weaver.Editor.csproj", "{D9CEFB99-15D2-071D-44EC-98901D0ADBBF}"
EndProject
Project("{FAE04EC0-301F-11D3-BF4B-00C04F79EFBC}") = "Unity.VSCode.Editor", "Unity.VSCode.Editor.csproj", "{65D99006-D481-77A8-4BF2-2411A8009A41}"
EndProject
Project("{FAE04EC0-301F-11D3-BF4B-00C04F79EFBC}") = "UnityEditor.SpatialTracking", "UnityEditor.SpatialTracking.csproj", "{5DE8CC3C-5515-D9B2-0347-412544F6FA6E}"
EndProject
Global
	GlobalSection(SolutionConfigurationPlatforms) = preSolution
		Debug|Any CPU = Debug|Any CPU
		Release|Any CPU = Release|Any CPU
	EndGlobalSection
	GlobalSection(ProjectConfigurationPlatforms) = postSolution
		{0FCDE996-C760-1674-7978-88D94C73B13C}.Debug|Any CPU.ActiveCfg = Debug|Any CPU
		{0FCDE996-C760-1674-7978-88D94C73B13C}.Debug|Any CPU.Build.0 = Debug|Any CPU
		{0FCDE996-C760-1674-7978-88D94C73B13C}.Release|Any CPU.ActiveCfg = Release|Any CPU
		{0FCDE996-C760-1674-7978-88D94C73B13C}.Release|Any CPU.Build.0 = Release|Any CPU
		{ADB2D4DE-D867-1975-40F2-AD7D7A14C690}.Debug|Any CPU.ActiveCfg = Debug|Any CPU
		{ADB2D4DE-D867-1975-40F2-AD7D7A14C690}.Debug|Any CPU.Build.0 = Debug|Any CPU
		{ADB2D4DE-D867-1975-40F2-AD7D7A14C690}.Release|Any CPU.ActiveCfg = Release|Any CPU
		{ADB2D4DE-D867-1975-40F2-AD7D7A14C690}.Release|Any CPU.Build.0 = Release|Any CPU
		{49AC4E2E-410B-4A18-DC5F-63A89E9A321B}.Debug|Any CPU.ActiveCfg = Debug|Any CPU
		{49AC4E2E-410B-4A18-DC5F-63A89E9A321B}.Debug|Any CPU.Build.0 = Debug|Any CPU
		{49AC4E2E-410B-4A18-DC5F-63A89E9A321B}.Release|Any CPU.ActiveCfg = Release|Any CPU
		{49AC4E2E-410B-4A18-DC5F-63A89E9A321B}.Release|Any CPU.Build.0 = Release|Any CPU
		{3347E768-B5AC-3649-A4F0-052EF469FF75}.Debug|Any CPU.ActiveCfg = Debug|Any CPU
		{3347E768-B5AC-3649-A4F0-052EF469FF75}.Debug|Any CPU.Build.0 = Debug|Any CPU
		{3347E768-B5AC-3649-A4F0-052EF469FF75}.Release|Any CPU.ActiveCfg = Release|Any CPU
		{3347E768-B5AC-3649-A4F0-052EF469FF75}.Release|Any CPU.Build.0 = Release|Any CPU
		{49FF7CCB-6A00-77FC-BF1A-C960B2A28B9C}.Debug|Any CPU.ActiveCfg = Debug|Any CPU
		{49FF7CCB-6A00-77FC-BF1A-C960B2A28B9C}.Debug|Any CPU.Build.0 = Debug|Any CPU
		{49FF7CCB-6A00-77FC-BF1A-C960B2A28B9C}.Release|Any CPU.ActiveCfg = Release|Any CPU
		{49FF7CCB-6A00-77FC-BF1A-C960B2A28B9C}.Release|Any CPU.Build.0 = Release|Any CPU
		{74EBF682-A611-3A49-5E57-F035D4797377}.Debug|Any CPU.ActiveCfg = Debug|Any CPU
		{74EBF682-A611-3A49-5E57-F035D4797377}.Debug|Any CPU.Build.0 = Debug|Any CPU
		{74EBF682-A611-3A49-5E57-F035D4797377}.Release|Any CPU.ActiveCfg = Release|Any CPU
		{74EBF682-A611-3A49-5E57-F035D4797377}.Release|Any CPU.Build.0 = Release|Any CPU
		{08C0B714-A4B9-2C0F-95F7-AA9D1B88CA7D}.Debug|Any CPU.ActiveCfg = Debug|Any CPU
		{08C0B714-A4B9-2C0F-95F7-AA9D1B88CA7D}.Debug|Any CPU.Build.0 = Debug|Any CPU
		{08C0B714-A4B9-2C0F-95F7-AA9D1B88CA7D}.Release|Any CPU.ActiveCfg = Release|Any CPU
		{08C0B714-A4B9-2C0F-95F7-AA9D1B88CA7D}.Release|Any CPU.Build.0 = Release|Any CPU
		{3959E433-7077-9E55-A328-098118434DAC}.Debug|Any CPU.ActiveCfg = Debug|Any CPU
		{3959E433-7077-9E55-A328-098118434DAC}.Debug|Any CPU.Build.0 = Debug|Any CPU
		{3959E433-7077-9E55-A328-098118434DAC}.Release|Any CPU.ActiveCfg = Release|Any CPU
		{3959E433-7077-9E55-A328-098118434DAC}.Release|Any CPU.Build.0 = Release|Any CPU
		{694D5E70-3A49-4651-D043-6D47B7637048}.Debug|Any CPU.ActiveCfg = Debug|Any CPU
		{694D5E70-3A49-4651-D043-6D47B7637048}.Debug|Any CPU.Build.0 = Debug|Any CPU
		{694D5E70-3A49-4651-D043-6D47B7637048}.Release|Any CPU.ActiveCfg = Release|Any CPU
		{694D5E70-3A49-4651-D043-6D47B7637048}.Release|Any CPU.Build.0 = Release|Any CPU
		{CF734F41-0A4B-98AA-6816-7731EC8DACDB}.Debug|Any CPU.ActiveCfg = Debug|Any CPU
		{CF734F41-0A4B-98AA-6816-7731EC8DACDB}.Debug|Any CPU.Build.0 = Debug|Any CPU
		{CF734F41-0A4B-98AA-6816-7731EC8DACDB}.Release|Any CPU.ActiveCfg = Release|Any CPU
		{CF734F41-0A4B-98AA-6816-7731EC8DACDB}.Release|Any CPU.Build.0 = Release|Any CPU
		{A438DE7D-78AB-7CE6-289E-5425D8788841}.Debug|Any CPU.ActiveCfg = Debug|Any CPU
		{A438DE7D-78AB-7CE6-289E-5425D8788841}.Debug|Any CPU.Build.0 = Debug|Any CPU
		{A438DE7D-78AB-7CE6-289E-5425D8788841}.Release|Any CPU.ActiveCfg = Release|Any CPU
		{A438DE7D-78AB-7CE6-289E-5425D8788841}.Release|Any CPU.Build.0 = Release|Any CPU
		{BC48D30D-FD49-6AA4-17E8-0510EC7109D0}.Debug|Any CPU.ActiveCfg = Debug|Any CPU
		{BC48D30D-FD49-6AA4-17E8-0510EC7109D0}.Debug|Any CPU.Build.0 = Debug|Any CPU
		{BC48D30D-FD49-6AA4-17E8-0510EC7109D0}.Release|Any CPU.ActiveCfg = Release|Any CPU
		{BC48D30D-FD49-6AA4-17E8-0510EC7109D0}.Release|Any CPU.Build.0 = Release|Any CPU
		{7CEE68FF-D44B-A48F-FFFC-3766DE5FFFBA}.Debug|Any CPU.ActiveCfg = Debug|Any CPU
		{7CEE68FF-D44B-A48F-FFFC-3766DE5FFFBA}.Debug|Any CPU.Build.0 = Debug|Any CPU
		{7CEE68FF-D44B-A48F-FFFC-3766DE5FFFBA}.Release|Any CPU.ActiveCfg = Release|Any CPU
		{7CEE68FF-D44B-A48F-FFFC-3766DE5FFFBA}.Release|Any CPU.Build.0 = Release|Any CPU
		{E558832F-A767-4525-05C0-F4038414F8ED}.Debug|Any CPU.ActiveCfg = Debug|Any CPU
		{E558832F-A767-4525-05C0-F4038414F8ED}.Debug|Any CPU.Build.0 = Debug|Any CPU
		{E558832F-A767-4525-05C0-F4038414F8ED}.Release|Any CPU.ActiveCfg = Release|Any CPU
		{E558832F-A767-4525-05C0-F4038414F8ED}.Release|Any CPU.Build.0 = Release|Any CPU
		{B65FA8C4-D51E-8832-8C39-C5A09BB58162}.Debug|Any CPU.ActiveCfg = Debug|Any CPU
		{B65FA8C4-D51E-8832-8C39-C5A09BB58162}.Debug|Any CPU.Build.0 = Debug|Any CPU
		{B65FA8C4-D51E-8832-8C39-C5A09BB58162}.Release|Any CPU.ActiveCfg = Release|Any CPU
		{B65FA8C4-D51E-8832-8C39-C5A09BB58162}.Release|Any CPU.Build.0 = Release|Any CPU
		{104F5F85-AF7D-F727-78D8-030C8425E4CA}.Debug|Any CPU.ActiveCfg = Debug|Any CPU
		{104F5F85-AF7D-F727-78D8-030C8425E4CA}.Debug|Any CPU.Build.0 = Debug|Any CPU
		{104F5F85-AF7D-F727-78D8-030C8425E4CA}.Release|Any CPU.ActiveCfg = Release|Any CPU
		{104F5F85-AF7D-F727-78D8-030C8425E4CA}.Release|Any CPU.Build.0 = Release|Any CPU
		{B0EF24FA-587B-9FC5-D0B9-9FD1DDC426AC}.Debug|Any CPU.ActiveCfg = Debug|Any CPU
		{B0EF24FA-587B-9FC5-D0B9-9FD1DDC426AC}.Debug|Any CPU.Build.0 = Debug|Any CPU
		{B0EF24FA-587B-9FC5-D0B9-9FD1DDC426AC}.Release|Any CPU.ActiveCfg = Release|Any CPU
		{B0EF24FA-587B-9FC5-D0B9-9FD1DDC426AC}.Release|Any CPU.Build.0 = Release|Any CPU
		{D9CEFB99-15D2-071D-44EC-98901D0ADBBF}.Debug|Any CPU.ActiveCfg = Debug|Any CPU
		{D9CEFB99-15D2-071D-44EC-98901D0ADBBF}.Debug|Any CPU.Build.0 = Debug|Any CPU
		{D9CEFB99-15D2-071D-44EC-98901D0ADBBF}.Release|Any CPU.ActiveCfg = Release|Any CPU
		{D9CEFB99-15D2-071D-44EC-98901D0ADBBF}.Release|Any CPU.Build.0 = Release|Any CPU
		{65D99006-D481-77A8-4BF2-2411A8009A41}.Debug|Any CPU.ActiveCfg = Debug|Any CPU
		{65D99006-D481-77A8-4BF2-2411A8009A41}.Debug|Any CPU.Build.0 = Debug|Any CPU
		{65D99006-D481-77A8-4BF2-2411A8009A41}.Release|Any CPU.ActiveCfg = Release|Any CPU
		{65D99006-D481-77A8-4BF2-2411A8009A41}.Release|Any CPU.Build.0 = Release|Any CPU
		{5DE8CC3C-5515-D9B2-0347-412544F6FA6E}.Debug|Any CPU.ActiveCfg = Debug|Any CPU
		{5DE8CC3C-5515-D9B2-0347-412544F6FA6E}.Debug|Any CPU.Build.0 = Debug|Any CPU
		{5DE8CC3C-5515-D9B2-0347-412544F6FA6E}.Release|Any CPU.ActiveCfg = Release|Any CPU
		{5DE8CC3C-5515-D9B2-0347-412544F6FA6E}.Release|Any CPU.Build.0 = Release|Any CPU
	EndGlobalSection
	GlobalSection(SolutionProperties) = preSolution
		HideSolutionNode = FALSE
	EndGlobalSection
	GlobalSection(MonoDevelopProperties) = preSolution
		StartupItem = Assembly-CSharp.csproj
	EndGlobalSection
EndGlobal
